
Microsoft Visual Studio Solution File, Format Version 12.00
# Visual Studio Version 17
VisualStudioVersion = 17.5.002.0
MinimumVisualStudioVersion = 10.0.40219.1
Project("{2150E333-8FDC-42A3-9474-1A3956D46DE8}") = "Labfiles", "Labfiles", "{3DB08C8A-F5EB-4031-977F-72AE8704681E}"
EndProject
Project("{2150E333-8FDC-42A3-9474-1A3956D46DE8}") = "02-nlp-azure-openai", "02-nlp-azure-openai", "{AD2B5767-81C2-42D7-AA0A-125D37E7261B}"
EndProject
Project("{9A19103F-16F7-4668-BE54-9A1E7A4F7556}") = "CSharp", "Labfiles\02-nlp-azure-openai\CSharp\CSharp.csproj", "{B1F90D3E-7696-4F84-9FC0-B2FD4CFA0BC9}"
EndProject
Project("{2150E333-8FDC-42A3-9474-1A3956D46DE8}") = "03-prompt-engineering", "03-prompt-engineering", "{13747C27-679A-4D78-A5D7-6FCCF63E70E2}"
EndProject
Project("{9A19103F-16F7-4668-BE54-9A1E7A4F7556}") = "CSharp", "Labfiles\03-prompt-engineering\CSharp\CSharp.csproj", "{95832C99-D2F1-4687-ADCA-D842829E8343}"
EndProject
Project("{2150E333-8FDC-42A3-9474-1A3956D46DE8}") = "04-code-generation", "04-code-generation", "{393A9786-94C2-4F66-B94F-782F2CE8E94B}"
EndProject
Project("{9A19103F-16F7-4668-BE54-9A1E7A4F7556}") = "CSharp", "Labfiles\04-code-generation\CSharp\CSharp.csproj", "{E8424DD9-BE4A-401C-9CDD-F2264029A727}"
EndProject
Project("{2150E333-8FDC-42A3-9474-1A3956D46DE8}") = "05-image-generation", "05-image-generation", "{2B9F5CF2-1865-418A-9223-95B4D28875F7}"
EndProject
Project("{9A19103F-16F7-4668-BE54-9A1E7A4F7556}") = "generate_image", "Labfiles\05-image-generation\CSharp\generate_image.csproj", "{6E79E713-9779-40B1-BE7D-8E7EF5E50953}"
EndProject
Project("{2150E333-8FDC-42A3-9474-1A3956D46DE8}") = "06-use-own-data", "06-use-own-data", "{2F00C143-FA5B-4E04-B496-EF267DDAB1C2}"
EndProject
Project("{9A19103F-16F7-4668-BE54-9A1E7A4F7556}") = "CSharp", "Labfiles\06-use-own-data\CSharp\CSharp.csproj", "{E1360896-6B41-4C25-89B6-6EB5F3493685}"
EndProject
Project("{2150E333-8FDC-42A3-9474-1A3956D46DE8}") = "sample-code", "sample-code", "{A75A5B88-69B5-4613-A100-AE89053FE9DB}"
EndProject
Project("{9A19103F-16F7-4668-BE54-9A1E7A4F7556}") = "CSharp", "Labfiles\04-code-generation\sample-code\go-fish\CSharp.csproj", "{182B3ED1-69CE-4CCA-ADB0-46D6E356E2E2}"
EndProject
Global
	GlobalSection(SolutionConfigurationPlatforms) = preSolution
		Debug|Any CPU = Debug|Any CPU
		Release|Any CPU = Release|Any CPU
	EndGlobalSection
	GlobalSection(ProjectConfigurationPlatforms) = postSolution
		{B1F90D3E-7696-4F84-9FC0-B2FD4CFA0BC9}.Debug|Any CPU.ActiveCfg = Debug|Any CPU
		{B1F90D3E-7696-4F84-9FC0-B2FD4CFA0BC9}.Debug|Any CPU.Build.0 = Debug|Any CPU
		{B1F90D3E-7696-4F84-9FC0-B2FD4CFA0BC9}.Release|Any CPU.ActiveCfg = Release|Any CPU
		{B1F90D3E-7696-4F84-9FC0-B2FD4CFA0BC9}.Release|Any CPU.Build.0 = Release|Any CPU
		{95832C99-D2F1-4687-ADCA-D842829E8343}.Debug|Any CPU.ActiveCfg = Debug|Any CPU
		{95832C99-D2F1-4687-ADCA-D842829E8343}.Debug|Any CPU.Build.0 = Debug|Any CPU
		{95832C99-D2F1-4687-ADCA-D842829E8343}.Release|Any CPU.ActiveCfg = Release|Any CPU
		{95832C99-D2F1-4687-ADCA-D842829E8343}.Release|Any CPU.Build.0 = Release|Any CPU
		{E8424DD9-BE4A-401C-9CDD-F2264029A727}.Debug|Any CPU.ActiveCfg = Debug|Any CPU
		{E8424DD9-BE4A-401C-9CDD-F2264029A727}.Debug|Any CPU.Build.0 = Debug|Any CPU
		{E8424DD9-BE4A-401C-9CDD-F2264029A727}.Release|Any CPU.ActiveCfg = Release|Any CPU
		{E8424DD9-BE4A-401C-9CDD-F2264029A727}.Release|Any CPU.Build.0 = Release|Any CPU
		{6E79E713-9779-40B1-BE7D-8E7EF5E50953}.Debug|Any CPU.ActiveCfg = Debug|Any CPU
		{6E79E713-9779-40B1-BE7D-8E7EF5E50953}.Debug|Any CPU.Build.0 = Debug|Any CPU
		{6E79E713-9779-40B1-BE7D-8E7EF5E50953}.Release|Any CPU.ActiveCfg = Release|Any CPU
		{6E79E713-9779-40B1-BE7D-8E7EF5E50953}.Release|Any CPU.Build.0 = Release|Any CPU
		{E1360896-6B41-4C25-89B6-6EB5F3493685}.Debug|Any CPU.ActiveCfg = Debug|Any CPU
		{E1360896-6B41-4C25-89B6-6EB5F3493685}.Debug|Any CPU.Build.0 = Debug|Any CPU
		{E1360896-6B41-4C25-89B6-6EB5F3493685}.Release|Any CPU.ActiveCfg = Release|Any CPU
		{E1360896-6B41-4C25-89B6-6EB5F3493685}.Release|Any CPU.Build.0 = Release|Any CPU
		{182B3ED1-69CE-4CCA-ADB0-46D6E356E2E2}.Debug|Any CPU.ActiveCfg = Debug|Any CPU
		{182B3ED1-69CE-4CCA-ADB0-46D6E356E2E2}.Debug|Any CPU.Build.0 = Debug|Any CPU
		{182B3ED1-69CE-4CCA-ADB0-46D6E356E2E2}.Release|Any CPU.ActiveCfg = Release|Any CPU
		{182B3ED1-69CE-4CCA-ADB0-46D6E356E2E2}.Release|Any CPU.Build.0 = Release|Any CPU
	EndGlobalSection
	GlobalSection(SolutionProperties) = preSolution
		HideSolutionNode = FALSE
	EndGlobalSection
	GlobalSection(NestedProjects) = preSolution
		{AD2B5767-81C2-42D7-AA0A-125D37E7261B} = {3DB08C8A-F5EB-4031-977F-72AE8704681E}
		{B1F90D3E-7696-4F84-9FC0-B2FD4CFA0BC9} = {AD2B5767-81C2-42D7-AA0A-125D37E7261B}
		{13747C27-679A-4D78-A5D7-6FCCF63E70E2} = {3DB08C8A-F5EB-4031-977F-72AE8704681E}
		{95832C99-D2F1-4687-ADCA-D842829E8343} = {13747C27-679A-4D78-A5D7-6FCCF63E70E2}
		{393A9786-94C2-4F66-B94F-782F2CE8E94B} = {3DB08C8A-F5EB-4031-977F-72AE8704681E}
		{E8424DD9-BE4A-401C-9CDD-F2264029A727} = {393A9786-94C2-4F66-B94F-782F2CE8E94B}
		{2B9F5CF2-1865-418A-9223-95B4D28875F7} = {3DB08C8A-F5EB-4031-977F-72AE8704681E}
		{6E79E713-9779-40B1-BE7D-8E7EF5E50953} = {2B9F5CF2-1865-418A-9223-95B4D28875F7}
		{2F00C143-FA5B-4E04-B496-EF267DDAB1C2} = {3DB08C8A-F5EB-4031-977F-72AE8704681E}
		{E1360896-6B41-4C25-89B6-6EB5F3493685} = {2F00C143-FA5B-4E04-B496-EF267DDAB1C2}
		{A75A5B88-69B5-4613-A100-AE89053FE9DB} = {393A9786-94C2-4F66-B94F-782F2CE8E94B}
		{182B3ED1-69CE-4CCA-ADB0-46D6E356E2E2} = {A75A5B88-69B5-4613-A100-AE89053FE9DB}
	EndGlobalSection
	GlobalSection(ExtensibilityGlobals) = postSolution
		SolutionGuid = {0685750D-F719-4162-A80E-43252F0F6F4E}
	EndGlobalSection
EndGlobal
